<?xml version="1.0" encoding="utf-8"?>
<Project ToolsVersion="4.0" xmlns="http://schemas.microsoft.com/developer/msbuild/2003">
  <ItemGroup>
    <Filter Include="Source Files">
      <UniqueIdentifier>{4FC737F1-C7A5-4376-A066-2A32D752A2FF}</UniqueIdentifier>
      <Extensions>cpp;c;cc;cxx;def;odl;idl;hpj;bat;asm;asmx</Extensions>
    </Filter>
    <Filter Include="Header Files">
      <UniqueIdentifier>{93995380-89BD-4b04-88EB-625FBE52EBFB}</UniqueIdentifier>
      <Extensions>h;hh;hpp;hxx;hm;inl;inc;xsd</Extensions>
    </Filter>
    <Filter Include="Resource Files">
      <UniqueIdentifier>{67DA6AB6-F800-4c08-8B7A-83BB121AAD01}</UniqueIdentifier>
      <Extensions>rc;ico;cur;bmp;dlg;rc2;rct;bin;rgs;gif;jpg;jpeg;jpe;resx;tiff;tif;png;wav;mfcribbon-ms</Extensions>
    </Filter>
  </ItemGroup>
  <ItemGroup>
    <None Include="Moppy2-Arduino.ino" />
  </ItemGroup>
  <ItemGroup>
    <ClInclude Include="__vm\.Moppy2-Arduino.vsarduino.h">
      <Filter>Header Files</Filter>
    </ClInclude>
    <ClInclude Include="src\CustomSongTables.h">
      <Filter>Header Files</Filter>
    </ClInclude>
    <ClInclude Include="src\MoppyConfig.h">
      <Filter>Header Files</Filter>
    </ClInclude>
    <ClInclude Include="src\MoppyMessageConsumer.h">
      <Filter>Header Files</Filter>
    </ClInclude>
    <ClInclude Include="src\MoppyInstruments\EasyDrivers.h">
      <Filter>Header Files</Filter>
    </ClInclude>
    <ClInclude Include="src\MoppyInstruments\FloppyDrives.h">
      <Filter>Header Files</Filter>
    </ClInclude>
    <ClInclude Include="src\MoppyInstruments\L298N.h">
      <Filter>Header Files</Filter>
    </ClInclude>
    <ClInclude Include="src\MoppyInstruments\MoppyInstrument.h">
      <Filter>Header Files</Filter>
    </ClInclude>
    <ClInclude Include="src\MoppyInstruments\MoppyTimer.h">
      <Filter>Header Files</Filter>
    </ClInclude>
    <ClInclude Include="src\MoppyInstruments\ShiftedFloppyDrives.h">
      <Filter>Header Files</Filter>
    </ClInclude>
    <ClInclude Include="src\MoppyInstruments\ShiftRegister.h">
      <Filter>Header Files</Filter>
    </ClInclude>
    <ClInclude Include="src\MoppyNetworks\MoppyMidi.h">
      <Filter>Header Files</Filter>
    </ClInclude>
    <ClInclude Include="src\MoppyNetworks\MoppyNetwork.h">
      <Filter>Header Files</Filter>
    </ClInclude>
    <ClInclude Include="src\MoppyNetworks\MoppySerial.h">
      <Filter>Header Files</Filter>
    </ClInclude>
    <ClInclude Include="src\MoppyNetworks\MoppyUDP.h">
      <Filter>Header Files</Filter>
    </ClInclude>
    <ClInclude Include="src\MoppySD\MoppySD.h">
      <Filter>Header Files</Filter>
    </ClInclude>
  </ItemGroup>
  <ItemGroup>
    <ClCompile Include="src\main.cpp">
      <Filter>Source Files</Filter>
    </ClCompile>
    <ClCompile Include="src\MoppyInstruments\EasyDrivers.cpp">
      <Filter>Source Files</Filter>
    </ClCompile>
    <ClCompile Include="src\MoppyInstruments\FloppyDrives.cpp">
      <Filter>Source Files</Filter>
    </ClCompile>
    <ClCompile Include="src\MoppyInstruments\L298N.cpp">
      <Filter>Source Files</Filter>
    </ClCompile>
    <ClCompile Include="src\MoppyInstruments\MoppyTimer.cpp">
      <Filter>Source Files</Filter>
    </ClCompile>
    <ClCompile Include="src\MoppyInstruments\ShiftedFloppyDrives.cpp">
      <Filter>Source Files</Filter>
    </ClCompile>
    <ClCompile Include="src\MoppyInstruments\ShiftRegister.cpp">
      <Filter>Source Files</Filter>
    </ClCompile>
    <ClCompile Include="src\MoppyNetworks\MoppyMidi.cpp">
      <Filter>Source Files</Filter>
    </ClCompile>
    <ClCompile Include="src\MoppyNetworks\MoppySerial.cpp">
      <Filter>Source Files</Filter>
    </ClCompile>
    <ClCompile Include="src\MoppyNetworks\MoppyUDP.cpp">
      <Filter>Source Files</Filter>
    </ClCompile>
  </ItemGroup>
</Project>